
Microsoft Visual Studio Solution File, Format Version 12.00
# Visual Studio Version 16
VisualStudioVersion = 16.0.33130.400
MinimumVisualStudioVersion = 10.0.40219.1
Project("{FAE04EC0-301F-11D3-BF4B-00C04F79EFBC}") = "123123Client", "123123Client.csproj", "{F434D08D-2604-4D24-99E4-B719ED7CDA52}"
EndProject
Global
	GlobalSection(SolutionConfigurationPlatforms) = preSolution
		Debug|Any CPU = Debug|Any CPU
		Release|Any CPU = Release|Any CPU
	EndGlobalSection
	GlobalSection(ProjectConfigurationPlatforms) = postSolution
		{F434D08D-2604-4D24-99E4-B719ED7CDA52}.Debug|Any CPU.ActiveCfg = Debug|Any CPU
		{F434D08D-2604-4D24-99E4-B719ED7CDA52}.Debug|Any CPU.Build.0 = Debug|Any CPU
		{F434D08D-2604-4D24-99E4-B719ED7CDA52}.Release|Any CPU.ActiveCfg = Release|Any CPU
		{F434D08D-2604-4D24-99E4-B719ED7CDA52}.Release|Any CPU.Build.0 = Release|Any CPU
	EndGlobalSection
	GlobalSection(SolutionProperties) = preSolution
		HideSolutionNode = FALSE
	EndGlobalSection
	GlobalSection(ExtensibilityGlobals) = postSolution
		SolutionGuid = {BC185A03-F3E8-4E3C-BB50-2CA1D5EF1D11}
	EndGlobalSection
EndGlobal
